
Microsoft Visual Studio Solution File, Format Version 12.00
# Visual Studio Version 16
VisualStudioVersion = 16.0.31624.102
MinimumVisualStudioVersion = 10.0.40219.1
Project("{FAE04EC0-301F-11D3-BF4B-00C04F79EFBC}") = "Лабораторная работа №2", "Лабораторная работа №2.csproj", "{B47183E7-1427-42B0-A962-E1F407C8D367}"
EndProject
Project("{FAE04EC0-301F-11D3-BF4B-00C04F79EFBC}") = "Лабораторная работа №2Tests", "..\Лабораторная работа №2Tests\Лабораторная работа №2Tests.csproj", "{1604868D-EAC7-4F60-9163-CE6AEDF281A4}"
EndProject
Global
	GlobalSection(SolutionConfigurationPlatforms) = preSolution
		Debug|Any CPU = Debug|Any CPU
		Release|Any CPU = Release|Any CPU
	EndGlobalSection
	GlobalSection(ProjectConfigurationPlatforms) = postSolution
		{B47183E7-1427-42B0-A962-E1F407C8D367}.Debug|Any CPU.ActiveCfg = Debug|Any CPU
		{B47183E7-1427-42B0-A962-E1F407C8D367}.Debug|Any CPU.Build.0 = Debug|Any CPU
		{B47183E7-1427-42B0-A962-E1F407C8D367}.Release|Any CPU.ActiveCfg = Release|Any CPU
		{B47183E7-1427-42B0-A962-E1F407C8D367}.Release|Any CPU.Build.0 = Release|Any CPU
		{1604868D-EAC7-4F60-9163-CE6AEDF281A4}.Debug|Any CPU.ActiveCfg = Debug|Any CPU
		{1604868D-EAC7-4F60-9163-CE6AEDF281A4}.Debug|Any CPU.Build.0 = Debug|Any CPU
		{1604868D-EAC7-4F60-9163-CE6AEDF281A4}.Release|Any CPU.ActiveCfg = Release|Any CPU
		{1604868D-EAC7-4F60-9163-CE6AEDF281A4}.Release|Any CPU.Build.0 = Release|Any CPU
	EndGlobalSection
	GlobalSection(SolutionProperties) = preSolution
		HideSolutionNode = FALSE
	EndGlobalSection
	GlobalSection(ExtensibilityGlobals) = postSolution
		SolutionGuid = {9D842159-2720-4687-8607-DF0CC75A59B7}
	EndGlobalSection
EndGlobal
